// !$*UTF8*$!
{
	archiveVersion = 1;
	classes = {
	};
	objectVersion = 51;
	objects = {

/* Begin PBXBuildFile section */
		7A7411CD231879C304703C8C /* Pods_GolfTrainer.framework in Frameworks */ = {isa = PBXBuildFile; fileRef = 7E0D72189DD7CD6057FF964A /* Pods_GolfTrainer.framework */; };
		C350BA34256C07C6002985E8 /* MenuViewController.swift in Sources */ = {isa = PBXBuildFile; fileRef = C350BA33256C07C6002985E8 /* MenuViewController.swift */; };
		C350BA36256C0831002985E8 /* IntroductionViewController.swift in Sources */ = {isa = PBXBuildFile; fileRef = C350BA35256C0831002985E8 /* IntroductionViewController.swift */; };
		C37059702565A35C00547D74 /* AppDelegate.swift in Sources */ = {isa = PBXBuildFile; fileRef = C370596F2565A35C00547D74 /* AppDelegate.swift */; };
		C37059722565A35C00547D74 /* SceneDelegate.swift in Sources */ = {isa = PBXBuildFile; fileRef = C37059712565A35C00547D74 /* SceneDelegate.swift */; };
		C37059792565A36400547D74 /* Assets.xcassets in Resources */ = {isa = PBXBuildFile; fileRef = C37059782565A36400547D74 /* Assets.xcassets */; };
		C370597C2565A36400547D74 /* LaunchScreen.storyboard in Resources */ = {isa = PBXBuildFile; fileRef = C370597A2565A36400547D74 /* LaunchScreen.storyboard */; };
		C37059842565ABCE00547D74 /* Main.storyboard in Resources */ = {isa = PBXBuildFile; fileRef = C37059832565ABCE00547D74 /* Main.storyboard */; };
		C376EDC2256AE74300ABD122 /* GoogleService-Info.plist in Resources */ = {isa = PBXBuildFile; fileRef = C376EDC1256AE74200ABD122 /* GoogleService-Info.plist */; };
		C3DAE28F2567021A00A6C924 /* GapTestViewController.swift in Sources */ = {isa = PBXBuildFile; fileRef = C3DAE28E2567021A00A6C924 /* GapTestViewController.swift */; };
		C3DAE2912567FF1700A6C924 /* AccuracyViewController.swift in Sources */ = {isa = PBXBuildFile; fileRef = C3DAE2902567FF1700A6C924 /* AccuracyViewController.swift */; };
		C3DAE29725684DBC00A6C924 /* ResultViewController.swift in Sources */ = {isa = PBXBuildFile; fileRef = C3DAE29625684DBC00A6C924 /* ResultViewController.swift */; };
		C3DAE2A22569226F00A6C924 /* ResultTableViewCell.swift in Sources */ = {isa = PBXBuildFile; fileRef = C3DAE2A02569226F00A6C924 /* ResultTableViewCell.swift */; };
		C3DAE2A32569226F00A6C924 /* ResultTableViewCell.xib in Resources */ = {isa = PBXBuildFile; fileRef = C3DAE2A12569226F00A6C924 /* ResultTableViewCell.xib */; };
		C3DAE2A525694E7300A6C924 /* ClubsCVC.swift in Sources */ = {isa = PBXBuildFile; fileRef = C3DAE2A425694E7300A6C924 /* ClubsCVC.swift */; };
		C3DAE2A72569587E00A6C924 /* ClubsViewController.swift in Sources */ = {isa = PBXBuildFile; fileRef = C3DAE2A62569587E00A6C924 /* ClubsViewController.swift */; };
/* End PBXBuildFile section */

/* Begin PBXFileReference section */
		24A88A634E44855602C9A659 /* Pods-GolfTrainer.debug.xcconfig */ = {isa = PBXFileReference; includeInIndex = 1; lastKnownFileType = text.xcconfig; name = "Pods-GolfTrainer.debug.xcconfig"; path = "Target Support Files/Pods-GolfTrainer/Pods-GolfTrainer.debug.xcconfig"; sourceTree = "<group>"; };
		51EF1C894216DB1624BE66B3 /* Pods-GolfTrainer.release.xcconfig */ = {isa = PBXFileReference; includeInIndex = 1; lastKnownFileType = text.xcconfig; name = "Pods-GolfTrainer.release.xcconfig"; path = "Target Support Files/Pods-GolfTrainer/Pods-GolfTrainer.release.xcconfig"; sourceTree = "<group>"; };
		7E0D72189DD7CD6057FF964A /* Pods_GolfTrainer.framework */ = {isa = PBXFileReference; explicitFileType = wrapper.framework; includeInIndex = 0; path = Pods_GolfTrainer.framework; sourceTree = BUILT_PRODUCTS_DIR; };
		C350BA33256C07C6002985E8 /* MenuViewController.swift */ = {isa = PBXFileReference; lastKnownFileType = sourcecode.swift; path = MenuViewController.swift; sourceTree = "<group>"; };
		C350BA35256C0831002985E8 /* IntroductionViewController.swift */ = {isa = PBXFileReference; lastKnownFileType = sourcecode.swift; path = IntroductionViewController.swift; sourceTree = "<group>"; };
		C370596C2565A35C00547D74 /* GolfTrainer.app */ = {isa = PBXFileReference; explicitFileType = wrapper.application; includeInIndex = 0; path = GolfTrainer.app; sourceTree = BUILT_PRODUCTS_DIR; };
		C370596F2565A35C00547D74 /* AppDelegate.swift */ = {isa = PBXFileReference; lastKnownFileType = sourcecode.swift; path = AppDelegate.swift; sourceTree = "<group>"; };
		C37059712565A35C00547D74 /* SceneDelegate.swift */ = {isa = PBXFileReference; lastKnownFileType = sourcecode.swift; path = SceneDelegate.swift; sourceTree = "<group>"; };
		C37059782565A36400547D74 /* Assets.xcassets */ = {isa = PBXFileReference; lastKnownFileType = folder.assetcatalog; path = Assets.xcassets; sourceTree = "<group>"; };
		C370597B2565A36400547D74 /* Base */ = {isa = PBXFileReference; lastKnownFileType = file.storyboard; name = Base; path = Base.lproj/LaunchScreen.storyboard; sourceTree = "<group>"; };
		C370597D2565A36400547D74 /* Info.plist */ = {isa = PBXFileReference; lastKnownFileType = text.plist.xml; path = Info.plist; sourceTree = "<group>"; };
		C37059832565ABCE00547D74 /* Main.storyboard */ = {isa = PBXFileReference; fileEncoding = 4; lastKnownFileType = file.storyboard; path = Main.storyboard; sourceTree = "<group>"; };
		C376EDC1256AE74200ABD122 /* GoogleService-Info.plist */ = {isa = PBXFileReference; fileEncoding = 4; lastKnownFileType = text.plist.xml; path = "GoogleService-Info.plist"; sourceTree = "<group>"; };
		C3DAE28E2567021A00A6C924 /* GapTestViewController.swift */ = {isa = PBXFileReference; lastKnownFileType = sourcecode.swift; path = GapTestViewController.swift; sourceTree = "<group>"; };
		C3DAE2902567FF1700A6C924 /* AccuracyViewController.swift */ = {isa = PBXFileReference; lastKnownFileType = sourcecode.swift; path = AccuracyViewController.swift; sourceTree = "<group>"; };
		C3DAE29625684DBC00A6C924 /* ResultViewController.swift */ = {isa = PBXFileReference; lastKnownFileType = sourcecode.swift; path = ResultViewController.swift; sourceTree = "<group>"; };
		C3DAE2A02569226F00A6C924 /* ResultTableViewCell.swift */ = {isa = PBXFileReference; lastKnownFileType = sourcecode.swift; path = ResultTableViewCell.swift; sourceTree = "<group>"; };
		C3DAE2A12569226F00A6C924 /* ResultTableViewCell.xib */ = {isa = PBXFileReference; lastKnownFileType = file.xib; path = ResultTableViewCell.xib; sourceTree = "<group>"; };
		C3DAE2A425694E7300A6C924 /* ClubsCVC.swift */ = {isa = PBXFileReference; lastKnownFileType = sourcecode.swift; path = ClubsCVC.swift; sourceTree = "<group>"; };
		C3DAE2A62569587E00A6C924 /* ClubsViewController.swift */ = {isa = PBXFileReference; lastKnownFileType = sourcecode.swift; path = ClubsViewController.swift; sourceTree = "<group>"; };
/* End PBXFileReference section */

/* Begin PBXFrameworksBuildPhase section */
		C37059692565A35C00547D74 /* Frameworks */ = {
			isa = PBXFrameworksBuildPhase;
			buildActionMask = 2147483647;
			files = (
				7A7411CD231879C304703C8C /* Pods_GolfTrainer.framework in Frameworks */,
			);
			runOnlyForDeploymentPostprocessing = 0;
		};
/* End PBXFrameworksBuildPhase section */

/* Begin PBXGroup section */
		C37059632565A35C00547D74 = {
			isa = PBXGroup;
			children = (
				C370596E2565A35C00547D74 /* GolfTrainer */,
				C370596D2565A35C00547D74 /* Products */,
				F0FAD51DE25B38627A8F9E79 /* Pods */,
				EAD0CD5B002189BED9A24932 /* Frameworks */,
			);
			sourceTree = "<group>";
		};
		C370596D2565A35C00547D74 /* Products */ = {
			isa = PBXGroup;
			children = (
				C370596C2565A35C00547D74 /* GolfTrainer.app */,
			);
			name = Products;
			sourceTree = "<group>";
		};
		C370596E2565A35C00547D74 /* GolfTrainer */ = {
			isa = PBXGroup;
			children = (
				C370596F2565A35C00547D74 /* AppDelegate.swift */,
				C37059712565A35C00547D74 /* SceneDelegate.swift */,
				C3DAE28B2567018100A6C924 /* ViewControllers */,
				C37059832565ABCE00547D74 /* Main.storyboard */,
				C37059782565A36400547D74 /* Assets.xcassets */,
				C370597A2565A36400547D74 /* LaunchScreen.storyboard */,
				C376EDC1256AE74200ABD122 /* GoogleService-Info.plist */,
				C370597D2565A36400547D74 /* Info.plist */,
				C3DAE2A02569226F00A6C924 /* ResultTableViewCell.swift */,
				C3DAE2A12569226F00A6C924 /* ResultTableViewCell.xib */,
				C3DAE2A425694E7300A6C924 /* ClubsCVC.swift */,
			);
			path = GolfTrainer;
			sourceTree = "<group>";
		};
		C3DAE28B2567018100A6C924 /* ViewControllers */ = {
			isa = PBXGroup;
			children = (
				C3DAE28E2567021A00A6C924 /* GapTestViewController.swift */,
				C3DAE2902567FF1700A6C924 /* AccuracyViewController.swift */,
				C3DAE29625684DBC00A6C924 /* ResultViewController.swift */,
				C3DAE2A62569587E00A6C924 /* ClubsViewController.swift */,
				C350BA33256C07C6002985E8 /* MenuViewController.swift */,
				C350BA35256C0831002985E8 /* IntroductionViewController.swift */,
			);
			path = ViewControllers;
			sourceTree = "<group>";
		};
		EAD0CD5B002189BED9A24932 /* Frameworks */ = {
			isa = PBXGroup;
			children = (
				7E0D72189DD7CD6057FF964A /* Pods_GolfTrainer.framework */,
			);
			name = Frameworks;
			sourceTree = "<group>";
		};
		F0FAD51DE25B38627A8F9E79 /* Pods */ = {
			isa = PBXGroup;
			children = (
				24A88A634E44855602C9A659 /* Pods-GolfTrainer.debug.xcconfig */,
				51EF1C894216DB1624BE66B3 /* Pods-GolfTrainer.release.xcconfig */,
			);
			path = Pods;
			sourceTree = "<group>";
		};
/* End PBXGroup section */

/* Begin PBXNativeTarget section */
		C370596B2565A35C00547D74 /* GolfTrainer */ = {
			isa = PBXNativeTarget;
			buildConfigurationList = C37059802565A36400547D74 /* Build configuration list for PBXNativeTarget "GolfTrainer" */;
			buildPhases = (
				C4804B99BC91DCE4FCEC1537 /* [CP] Check Pods Manifest.lock */,
				C37059682565A35C00547D74 /* Sources */,
				C37059692565A35C00547D74 /* Frameworks */,
				C370596A2565A35C00547D74 /* Resources */,
				DEE906D028FE8305280EC976 /* [CP] Embed Pods Frameworks */,
			);
			buildRules = (
			);
			dependencies = (
			);
			name = GolfTrainer;
			productName = GolfTrainer;
			productReference = C370596C2565A35C00547D74 /* GolfTrainer.app */;
			productType = "com.apple.product-type.application";
		};
/* End PBXNativeTarget section */

/* Begin PBXProject section */
		C37059642565A35C00547D74 /* Project object */ = {
			isa = PBXProject;
			attributes = {
				LastSwiftUpdateCheck = 1150;
				LastUpgradeCheck = 1150;
				ORGANIZATIONNAME = Asad;
				TargetAttributes = {
					C370596B2565A35C00547D74 = {
						CreatedOnToolsVersion = 11.5;
					};
				};
			};
			buildConfigurationList = C37059672565A35C00547D74 /* Build configuration list for PBXProject "GolfTrainer" */;
			compatibilityVersion = "Xcode 9.3";
			developmentRegion = en;
			hasScannedForEncodings = 0;
			knownRegions = (
				en,
				Base,
			);
			mainGroup = C37059632565A35C00547D74;
			productRefGroup = C370596D2565A35C00547D74 /* Products */;
			projectDirPath = "";
			projectRoot = "";
			targets = (
				C370596B2565A35C00547D74 /* GolfTrainer */,
			);
		};
/* End PBXProject section */

/* Begin PBXResourcesBuildPhase section */
		C370596A2565A35C00547D74 /* Resources */ = {
			isa = PBXResourcesBuildPhase;
			buildActionMask = 2147483647;
			files = (
				C3DAE2A32569226F00A6C924 /* ResultTableViewCell.xib in Resources */,
				C370597C2565A36400547D74 /* LaunchScreen.storyboard in Resources */,
				C376EDC2256AE74300ABD122 /* GoogleService-Info.plist in Resources */,
				C37059792565A36400547D74 /* Assets.xcassets in Resources */,
				C37059842565ABCE00547D74 /* Main.storyboard in Resources */,
			);
			runOnlyForDeploymentPostprocessing = 0;
		};
/* End PBXResourcesBuildPhase section */

/* Begin PBXShellScriptBuildPhase section */
		C4804B99BC91DCE4FCEC1537 /* [CP] Check Pods Manifest.lock */ = {
			isa = PBXShellScriptBuildPhase;
			buildActionMask = 2147483647;
			files = (
			);
			inputFileListPaths = (
			);
			inputPaths = (
				"${PODS_PODFILE_DIR_PATH}/Podfile.lock",
				"${PODS_ROOT}/Manifest.lock",
			);
			name = "[CP] Check Pods Manifest.lock";
			outputFileListPaths = (
			);
			outputPaths = (
				"$(DERIVED_FILE_DIR)/Pods-GolfTrainer-checkManifestLockResult.txt",
			);
			runOnlyForDeploymentPostprocessing = 0;
			shellPath = /bin/sh;
			shellScript = "diff \"${PODS_PODFILE_DIR_PATH}/Podfile.lock\" \"${PODS_ROOT}/Manifest.lock\" > /dev/null\nif [ $? != 0 ] ; then\n    # print error to STDERR\n    echo \"error: The sandbox is not in sync with the Podfile.lock. Run 'pod install' or update your CocoaPods installation.\" >&2\n    exit 1\nfi\n# This output is used by Xcode 'outputs' to avoid re-running this script phase.\necho \"SUCCESS\" > \"${SCRIPT_OUTPUT_FILE_0}\"\n";
			showEnvVarsInLog = 0;
		};
		DEE906D028FE8305280EC976 /* [CP] Embed Pods Frameworks */ = {
			isa = PBXShellScriptBuildPhase;
			buildActionMask = 2147483647;
			files = (
			);
			inputFileListPaths = (
				"${PODS_ROOT}/Target Support Files/Pods-GolfTrainer/Pods-GolfTrainer-frameworks-${CONFIGURATION}-input-files.xcfilelist",
			);
			name = "[CP] Embed Pods Frameworks";
			outputFileListPaths = (
				"${PODS_ROOT}/Target Support Files/Pods-GolfTrainer/Pods-GolfTrainer-frameworks-${CONFIGURATION}-output-files.xcfilelist",
			);
			runOnlyForDeploymentPostprocessing = 0;
			shellPath = /bin/sh;
			shellScript = "\"${PODS_ROOT}/Target Support Files/Pods-GolfTrainer/Pods-GolfTrainer-frameworks.sh\"\n";
			showEnvVarsInLog = 0;
		};
/* End PBXShellScriptBuildPhase section */

/* Begin PBXSourcesBuildPhase section */
		C37059682565A35C00547D74 /* Sources */ = {
			isa = PBXSourcesBuildPhase;
			buildActionMask = 2147483647;
			files = (
				C350BA34256C07C6002985E8 /* MenuViewController.swift in Sources */,
				C3DAE29725684DBC00A6C924 /* ResultViewController.swift in Sources */,
				C3DAE28F2567021A00A6C924 /* GapTestViewController.swift in Sources */,
				C3DAE2912567FF1700A6C924 /* AccuracyViewController.swift in Sources */,
				C37059702565A35C00547D74 /* AppDelegate.swift in Sources */,
				C3DAE2A22569226F00A6C924 /* ResultTableViewCell.swift in Sources */,
				C350BA36256C0831002985E8 /* IntroductionViewController.swift in Sources */,
				C3DAE2A525694E7300A6C924 /* ClubsCVC.swift in Sources */,
				C3DAE2A72569587E00A6C924 /* ClubsViewController.swift in Sources */,
				C37059722565A35C00547D74 /* SceneDelegate.swift in Sources */,
			);
			runOnlyForDeploymentPostprocessing = 0;
		};
/* End PBXSourcesBuildPhase section */

/* Begin PBXVariantGroup section */
		C370597A2565A36400547D74 /* LaunchScreen.storyboard */ = {
			isa = PBXVariantGroup;
			children = (
				C370597B2565A36400547D74 /* Base */,
			);
			name = LaunchScreen.storyboard;
			sourceTree = "<group>";
		};
/* End PBXVariantGroup section */

/* Begin XCBuildConfiguration section */
		C370597E2565A36400547D74 /* Debug */ = {
			isa = XCBuildConfiguration;
			buildSettings = {
				ALWAYS_SEARCH_USER_PATHS = NO;
				CLANG_ANALYZER_NONNULL = YES;
				CLANG_ANALYZER_NUMBER_OBJECT_CONVERSION = YES_AGGRESSIVE;
				CLANG_CXX_LANGUAGE_STANDARD = "gnu++14";
				CLANG_CXX_LIBRARY = "libc++";
				CLANG_ENABLE_MODULES = YES;
				CLANG_ENABLE_OBJC_ARC = YES;
				CLANG_ENABLE_OBJC_WEAK = YES;
				CLANG_WARN_BLOCK_CAPTURE_AUTORELEASING = YES;
				CLANG_WARN_BOOL_CONVERSION = YES;
				CLANG_WARN_COMMA = YES;
				CLANG_WARN_CONSTANT_CONVERSION = YES;
				CLANG_WARN_DEPRECATED_OBJC_IMPLEMENTATIONS = YES;
				CLANG_WARN_DIRECT_OBJC_ISA_USAGE = YES_ERROR;
				CLANG_WARN_DOCUMENTATION_COMMENTS = YES;
				CLANG_WARN_EMPTY_BODY = YES;
				CLANG_WARN_ENUM_CONVERSION = YES;
				CLANG_WARN_INFINITE_RECURSION = YES;
				CLANG_WARN_INT_CONVERSION = YES;
				CLANG_WARN_NON_LITERAL_NULL_CONVERSION = YES;
				CLANG_WARN_OBJC_IMPLICIT_RETAIN_SELF = YES;
				CLANG_WARN_OBJC_LITERAL_CONVERSION = YES;
				CLANG_WARN_OBJC_ROOT_CLASS = YES_ERROR;
				CLANG_WARN_RANGE_LOOP_ANALYSIS = YES;
				CLANG_WARN_STRICT_PROTOTYPES = YES;
				CLANG_WARN_SUSPICIOUS_MOVE = YES;
				CLANG_WARN_UNGUARDED_AVAILABILITY = YES_AGGRESSIVE;
				CLANG_WARN_UNREACHABLE_CODE = YES;
				CLANG_WARN__DUPLICATE_METHOD_MATCH = YES;
				COPY_PHASE_STRIP = NO;
				DEBUG_INFORMATION_FORMAT = dwarf;
				ENABLE_STRICT_OBJC_MSGSEND = YES;
				ENABLE_TESTABILITY = YES;
				GCC_C_LANGUAGE_STANDARD = gnu11;
				GCC_DYNAMIC_NO_PIC = NO;
				GCC_NO_COMMON_BLOCKS = YES;
				GCC_OPTIMIZATION_LEVEL = 0;
				GCC_PREPROCESSOR_DEFINITIONS = (
					"DEBUG=1",
					"$(inherited)",
				);
				GCC_WARN_64_TO_32_BIT_CONVERSION = YES;
				GCC_WARN_ABOUT_RETURN_TYPE = YES_ERROR;
				GCC_WARN_UNDECLARED_SELECTOR = YES;
				GCC_WARN_UNINITIALIZED_AUTOS = YES_AGGRESSIVE;
				GCC_WARN_UNUSED_FUNCTION = YES;
				GCC_WARN_UNUSED_VARIABLE = YES;
				IPHONEOS_DEPLOYMENT_TARGET = 13.5;
				MTL_ENABLE_DEBUG_INFO = INCLUDE_SOURCE;
				MTL_FAST_MATH = YES;
				ONLY_ACTIVE_ARCH = YES;
				SDKROOT = iphoneos;
				SWIFT_ACTIVE_COMPILATION_CONDITIONS = DEBUG;
				SWIFT_OPTIMIZATION_LEVEL = "-Onone";
			};
			name = Debug;
		};
		C370597F2565A36400547D74 /* Release */ = {
			isa = XCBuildConfiguration;
			buildSettings = {
				ALWAYS_SEARCH_USER_PATHS = NO;
				CLANG_ANALYZER_NONNULL = YES;
				CLANG_ANALYZER_NUMBER_OBJECT_CONVERSION = YES_AGGRESSIVE;
				CLANG_CXX_LANGUAGE_STANDARD = "gnu++14";
				CLANG_CXX_LIBRARY = "libc++";
				CLANG_ENABLE_MODULES = YES;
				CLANG_ENABLE_OBJC_ARC = YES;
				CLANG_ENABLE_OBJC_WEAK = YES;
				CLANG_WARN_BLOCK_CAPTURE_AUTORELEASING = YES;
				CLANG_WARN_BOOL_CONVERSION = YES;
				CLANG_WARN_COMMA = YES;
				CLANG_WARN_CONSTANT_CONVERSION = YES;
				CLANG_WARN_DEPRECATED_OBJC_IMPLEMENTATIONS = YES;
				CLANG_WARN_DIRECT_OBJC_ISA_USAGE = YES_ERROR;
				CLANG_WARN_DOCUMENTATION_COMMENTS = YES;
				CLANG_WARN_EMPTY_BODY = YES;
				CLANG_WARN_ENUM_CONVERSION = YES;
				CLANG_WARN_INFINITE_RECURSION = YES;
				CLANG_WARN_INT_CONVERSION = YES;
				CLANG_WARN_NON_LITERAL_NULL_CONVERSION = YES;
				CLANG_WARN_OBJC_IMPLICIT_RETAIN_SELF = YES;
				CLANG_WARN_OBJC_LITERAL_CONVERSION = YES;
				CLANG_WARN_OBJC_ROOT_CLASS = YES_ERROR;
				CLANG_WARN_RANGE_LOOP_ANALYSIS = YES;
				CLANG_WARN_STRICT_PROTOTYPES = YES;
				CLANG_WARN_SUSPICIOUS_MOVE = YES;
				CLANG_WARN_UNGUARDED_AVAILABILITY = YES_AGGRESSIVE;
				CLANG_WARN_UNREACHABLE_CODE = YES;
				CLANG_WARN__DUPLICATE_METHOD_MATCH = YES;
				COPY_PHASE_STRIP = NO;
				DEBUG_INFORMATION_FORMAT = "dwarf-with-dsym";
				ENABLE_NS_ASSERTIONS = NO;
				ENABLE_STRICT_OBJC_MSGSEND = YES;
				GCC_C_LANGUAGE_STANDARD = gnu11;
				GCC_NO_COMMON_BLOCKS = YES;
				GCC_WARN_64_TO_32_BIT_CONVERSION = YES;
				GCC_WARN_ABOUT_RETURN_TYPE = YES_ERROR;
				GCC_WARN_UNDECLARED_SELECTOR = YES;
				GCC_WARN_UNINITIALIZED_AUTOS = YES_AGGRESSIVE;
				GCC_WARN_UNUSED_FUNCTION = YES;
				GCC_WARN_UNUSED_VARIABLE = YES;
				IPHONEOS_DEPLOYMENT_TARGET = 13.5;
				MTL_ENABLE_DEBUG_INFO = NO;
				MTL_FAST_MATH = YES;
				SDKROOT = iphoneos;
				SWIFT_COMPILATION_MODE = wholemodule;
				SWIFT_OPTIMIZATION_LEVEL = "-O";
				VALIDATE_PRODUCT = YES;
			};
			name = Release;
		};
		C37059812565A36400547D74 /* Debug */ = {
			isa = XCBuildConfiguration;
			baseConfigurationReference = 24A88A634E44855602C9A659 /* Pods-GolfTrainer.debug.xcconfig */;
			buildSettings = {
				ASSETCATALOG_COMPILER_APPICON_NAME = AppIcon;
				CODE_SIGN_STYLE = Automatic;
				DEVELOPMENT_TEAM = TWWV444XBC;
				INFOPLIST_FILE = GolfTrainer/Info.plist;
				LD_RUNPATH_SEARCH_PATHS = (
					"$(inherited)",
					"@executable_path/Frameworks",
				);
				PRODUCT_BUNDLE_IDENTIFIER = com.self.golftrainer.GolfTrainer;
				PRODUCT_NAME = "$(TARGET_NAME)";
				SWIFT_VERSION = 5.0;
				TARGETED_DEVICE_FAMILY = "1,2";
			};
			name = Debug;
		};
		C37059822565A36400547D74 /* Release */ = {
			isa = XCBuildConfiguration;
			baseConfigurationReference = 51EF1C894216DB1624BE66B3 /* Pods-GolfTrainer.release.xcconfig */;
			buildSettings = {
				ASSETCATALOG_COMPILER_APPICON_NAME = AppIcon;
				CODE_SIGN_STYLE = Automatic;
				DEVELOPMENT_TEAM = TWWV444XBC;
				INFOPLIST_FILE = GolfTrainer/Info.plist;
				LD_RUNPATH_SEARCH_PATHS = (
					"$(inherited)",
					"@executable_path/Frameworks",
				);
				PRODUCT_BUNDLE_IDENTIFIER = com.self.golftrainer.GolfTrainer;
				PRODUCT_NAME = "$(TARGET_NAME)";
				SWIFT_VERSION = 5.0;
				TARGETED_DEVICE_FAMILY = "1,2";
			};
			name = Release;
		};
/* End XCBuildConfiguration section */

/* Begin XCConfigurationList section */
		C37059672565A35C00547D74 /* Build configuration list for PBXProject "GolfTrainer" */ = {
			isa = XCConfigurationList;
			buildConfigurations = (
				C370597E2565A36400547D74 /* Debug */,
				C370597F2565A36400547D74 /* Release */,
			);
			defaultConfigurationIsVisible = 0;
			defaultConfigurationName = Release;
		};
		C37059802565A36400547D74 /* Build configuration list for PBXNativeTarget "GolfTrainer" */ = {
			isa = XCConfigurationList;
			buildConfigurations = (
				C37059812565A36400547D74 /* Debug */,
				C37059822565A36400547D74 /* Release */,
			);
			defaultConfigurationIsVisible = 0;
			defaultConfigurationName = Release;
		};
/* End XCConfigurationList section */
	};
	rootObject = C37059642565A35C00547D74 /* Project object */;
}
